// !$*UTF8*$!
{
	archiveVersion = 1;
	classes = {
	};
	objectVersion = 56;
	objects = {

/* Begin PBXBuildFile section */
		2F0B56736235DE649E47ACF4 /* Pods_Unit5Tests.framework in Frameworks */ = {isa = PBXBuildFile; fileRef = 15D52142F886B058A75263F8 /* Pods_Unit5Tests.framework */; };
		785A08DAF4A63F94876C38D3 /* Pods_Unit5_Unit5UITests.framework in Frameworks */ = {isa = PBXBuildFile; fileRef = 5A1CD6A45116C6941036400E /* Pods_Unit5_Unit5UITests.framework */; };
		8EC25BA528F36BA1007A4E10 /* LoginViewController.swift in Sources */ = {isa = PBXBuildFile; fileRef = 8EC25BA428F36BA1007A4E10 /* LoginViewController.swift */; };
		8EC25BA728F36BB6007A4E10 /* FeedViewController.swift in Sources */ = {isa = PBXBuildFile; fileRef = 8EC25BA628F36BB6007A4E10 /* FeedViewController.swift */; };
		8ED9E41628F365A00061B47F /* AppDelegate.swift in Sources */ = {isa = PBXBuildFile; fileRef = 8ED9E41528F365A00061B47F /* AppDelegate.swift */; };
		8ED9E41828F365A00061B47F /* SceneDelegate.swift in Sources */ = {isa = PBXBuildFile; fileRef = 8ED9E41728F365A00061B47F /* SceneDelegate.swift */; };
		8ED9E41D28F365A00061B47F /* Main.storyboard in Resources */ = {isa = PBXBuildFile; fileRef = 8ED9E41B28F365A00061B47F /* Main.storyboard */; };
		8ED9E41F28F365A40061B47F /* Assets.xcassets in Resources */ = {isa = PBXBuildFile; fileRef = 8ED9E41E28F365A40061B47F /* Assets.xcassets */; };
		8ED9E42228F365A40061B47F /* LaunchScreen.storyboard in Resources */ = {isa = PBXBuildFile; fileRef = 8ED9E42028F365A40061B47F /* LaunchScreen.storyboard */; };
		8ED9E42D28F365A50061B47F /* Unit5Tests.swift in Sources */ = {isa = PBXBuildFile; fileRef = 8ED9E42C28F365A50061B47F /* Unit5Tests.swift */; };
		8ED9E43728F365A50061B47F /* Unit5UITests.swift in Sources */ = {isa = PBXBuildFile; fileRef = 8ED9E43628F365A50061B47F /* Unit5UITests.swift */; };
		8ED9E43928F365A50061B47F /* Unit5UITestsLaunchTests.swift in Sources */ = {isa = PBXBuildFile; fileRef = 8ED9E43828F365A50061B47F /* Unit5UITestsLaunchTests.swift */; };
		A41F4024892D65DA591019F5 /* Pods_Unit5.framework in Frameworks */ = {isa = PBXBuildFile; fileRef = 9CC8F571B3D4B0115D40612E /* Pods_Unit5.framework */; };
/* End PBXBuildFile section */

/* Begin PBXContainerItemProxy section */
		8ED9E42928F365A50061B47F /* PBXContainerItemProxy */ = {
			isa = PBXContainerItemProxy;
			containerPortal = 8ED9E40A28F365A00061B47F /* Project object */;
			proxyType = 1;
			remoteGlobalIDString = 8ED9E41128F365A00061B47F;
			remoteInfo = Unit5;
		};
		8ED9E43328F365A50061B47F /* PBXContainerItemProxy */ = {
			isa = PBXContainerItemProxy;
			containerPortal = 8ED9E40A28F365A00061B47F /* Project object */;
			proxyType = 1;
			remoteGlobalIDString = 8ED9E41128F365A00061B47F;
			remoteInfo = Unit5;
		};
/* End PBXContainerItemProxy section */

/* Begin PBXFileReference section */
		11B39C90408DCA29C0222169 /* Pods-Unit5-Unit5UITests.release.xcconfig */ = {isa = PBXFileReference; includeInIndex = 1; lastKnownFileType = text.xcconfig; name = "Pods-Unit5-Unit5UITests.release.xcconfig"; path = "Target Support Files/Pods-Unit5-Unit5UITests/Pods-Unit5-Unit5UITests.release.xcconfig"; sourceTree = "<group>"; };
		15D52142F886B058A75263F8 /* Pods_Unit5Tests.framework */ = {isa = PBXFileReference; explicitFileType = wrapper.framework; includeInIndex = 0; path = Pods_Unit5Tests.framework; sourceTree = BUILT_PRODUCTS_DIR; };
		2ADD20BE07B1333DE360BC1D /* Pods-Unit5Tests.release.xcconfig */ = {isa = PBXFileReference; includeInIndex = 1; lastKnownFileType = text.xcconfig; name = "Pods-Unit5Tests.release.xcconfig"; path = "Target Support Files/Pods-Unit5Tests/Pods-Unit5Tests.release.xcconfig"; sourceTree = "<group>"; };
		5A1CD6A45116C6941036400E /* Pods_Unit5_Unit5UITests.framework */ = {isa = PBXFileReference; explicitFileType = wrapper.framework; includeInIndex = 0; path = Pods_Unit5_Unit5UITests.framework; sourceTree = BUILT_PRODUCTS_DIR; };
		6ECD769DF56B0C40049CFAF2 /* Pods-Unit5Tests.debug.xcconfig */ = {isa = PBXFileReference; includeInIndex = 1; lastKnownFileType = text.xcconfig; name = "Pods-Unit5Tests.debug.xcconfig"; path = "Target Support Files/Pods-Unit5Tests/Pods-Unit5Tests.debug.xcconfig"; sourceTree = "<group>"; };
		8EC25BA428F36BA1007A4E10 /* LoginViewController.swift */ = {isa = PBXFileReference; lastKnownFileType = sourcecode.swift; path = LoginViewController.swift; sourceTree = "<group>"; };
		8EC25BA628F36BB6007A4E10 /* FeedViewController.swift */ = {isa = PBXFileReference; lastKnownFileType = sourcecode.swift; path = FeedViewController.swift; sourceTree = "<group>"; };
		8ED9E41228F365A00061B47F /* Unit5.app */ = {isa = PBXFileReference; explicitFileType = wrapper.application; includeInIndex = 0; path = Unit5.app; sourceTree = BUILT_PRODUCTS_DIR; };
		8ED9E41528F365A00061B47F /* AppDelegate.swift */ = {isa = PBXFileReference; lastKnownFileType = sourcecode.swift; path = AppDelegate.swift; sourceTree = "<group>"; };
		8ED9E41728F365A00061B47F /* SceneDelegate.swift */ = {isa = PBXFileReference; lastKnownFileType = sourcecode.swift; path = SceneDelegate.swift; sourceTree = "<group>"; };
		8ED9E41C28F365A00061B47F /* Base */ = {isa = PBXFileReference; lastKnownFileType = file.storyboard; name = Base; path = Base.lproj/Main.storyboard; sourceTree = "<group>"; };
		8ED9E41E28F365A40061B47F /* Assets.xcassets */ = {isa = PBXFileReference; lastKnownFileType = folder.assetcatalog; path = Assets.xcassets; sourceTree = "<group>"; };
		8ED9E42128F365A40061B47F /* Base */ = {isa = PBXFileReference; lastKnownFileType = file.storyboard; name = Base; path = Base.lproj/LaunchScreen.storyboard; sourceTree = "<group>"; };
		8ED9E42328F365A40061B47F /* Info.plist */ = {isa = PBXFileReference; lastKnownFileType = text.plist.xml; path = Info.plist; sourceTree = "<group>"; };
		8ED9E42828F365A50061B47F /* Unit5Tests.xctest */ = {isa = PBXFileReference; explicitFileType = wrapper.cfbundle; includeInIndex = 0; path = Unit5Tests.xctest; sourceTree = BUILT_PRODUCTS_DIR; };
		8ED9E42C28F365A50061B47F /* Unit5Tests.swift */ = {isa = PBXFileReference; lastKnownFileType = sourcecode.swift; path = Unit5Tests.swift; sourceTree = "<group>"; };
		8ED9E43228F365A50061B47F /* Unit5UITests.xctest */ = {isa = PBXFileReference; explicitFileType = wrapper.cfbundle; includeInIndex = 0; path = Unit5UITests.xctest; sourceTree = BUILT_PRODUCTS_DIR; };
		8ED9E43628F365A50061B47F /* Unit5UITests.swift */ = {isa = PBXFileReference; lastKnownFileType = sourcecode.swift; path = Unit5UITests.swift; sourceTree = "<group>"; };
		8ED9E43828F365A50061B47F /* Unit5UITestsLaunchTests.swift */ = {isa = PBXFileReference; lastKnownFileType = sourcecode.swift; path = Unit5UITestsLaunchTests.swift; sourceTree = "<group>"; };
		9CC8F571B3D4B0115D40612E /* Pods_Unit5.framework */ = {isa = PBXFileReference; explicitFileType = wrapper.framework; includeInIndex = 0; path = Pods_Unit5.framework; sourceTree = BUILT_PRODUCTS_DIR; };
		9CF26404A82E2553D2D91172 /* Pods-Unit5.release.xcconfig */ = {isa = PBXFileReference; includeInIndex = 1; lastKnownFileType = text.xcconfig; name = "Pods-Unit5.release.xcconfig"; path = "Target Support Files/Pods-Unit5/Pods-Unit5.release.xcconfig"; sourceTree = "<group>"; };
		B8B8287EC44DAE8FCA770527 /* Pods-Unit5.debug.xcconfig */ = {isa = PBXFileReference; includeInIndex = 1; lastKnownFileType = text.xcconfig; name = "Pods-Unit5.debug.xcconfig"; path = "Target Support Files/Pods-Unit5/Pods-Unit5.debug.xcconfig"; sourceTree = "<group>"; };
		FFADA3B1AA3DEE2FC6708A16 /* Pods-Unit5-Unit5UITests.debug.xcconfig */ = {isa = PBXFileReference; includeInIndex = 1; lastKnownFileType = text.xcconfig; name = "Pods-Unit5-Unit5UITests.debug.xcconfig"; path = "Target Support Files/Pods-Unit5-Unit5UITests/Pods-Unit5-Unit5UITests.debug.xcconfig"; sourceTree = "<group>"; };
/* End PBXFileReference section */

/* Begin PBXFrameworksBuildPhase section */
		8ED9E40F28F365A00061B47F /* Frameworks */ = {
			isa = PBXFrameworksBuildPhase;
			buildActionMask = 2147483647;
			files = (
				A41F4024892D65DA591019F5 /* Pods_Unit5.framework in Frameworks */,
			);
			runOnlyForDeploymentPostprocessing = 0;
		};
		8ED9E42528F365A50061B47F /* Frameworks */ = {
			isa = PBXFrameworksBuildPhase;
			buildActionMask = 2147483647;
			files = (
				2F0B56736235DE649E47ACF4 /* Pods_Unit5Tests.framework in Frameworks */,
			);
			runOnlyForDeploymentPostprocessing = 0;
		};
		8ED9E42F28F365A50061B47F /* Frameworks */ = {
			isa = PBXFrameworksBuildPhase;
			buildActionMask = 2147483647;
			files = (
				785A08DAF4A63F94876C38D3 /* Pods_Unit5_Unit5UITests.framework in Frameworks */,
			);
			runOnlyForDeploymentPostprocessing = 0;
		};
/* End PBXFrameworksBuildPhase section */

/* Begin PBXGroup section */
		1A599A8A3A32ACC67842A8F0 /* Frameworks */ = {
			isa = PBXGroup;
			children = (
				9CC8F571B3D4B0115D40612E /* Pods_Unit5.framework */,
				5A1CD6A45116C6941036400E /* Pods_Unit5_Unit5UITests.framework */,
				15D52142F886B058A75263F8 /* Pods_Unit5Tests.framework */,
			);
			name = Frameworks;
			sourceTree = "<group>";
		};
		2744092F17C26E09C3378059 /* Pods */ = {
			isa = PBXGroup;
			children = (
				B8B8287EC44DAE8FCA770527 /* Pods-Unit5.debug.xcconfig */,
				9CF26404A82E2553D2D91172 /* Pods-Unit5.release.xcconfig */,
				FFADA3B1AA3DEE2FC6708A16 /* Pods-Unit5-Unit5UITests.debug.xcconfig */,
				11B39C90408DCA29C0222169 /* Pods-Unit5-Unit5UITests.release.xcconfig */,
				6ECD769DF56B0C40049CFAF2 /* Pods-Unit5Tests.debug.xcconfig */,
				2ADD20BE07B1333DE360BC1D /* Pods-Unit5Tests.release.xcconfig */,
			);
			path = Pods;
			sourceTree = "<group>";
		};
		8ED9E40928F365A00061B47F = {
			isa = PBXGroup;
			children = (
				8ED9E41428F365A00061B47F /* Unit5 */,
				8ED9E42B28F365A50061B47F /* Unit5Tests */,
				8ED9E43528F365A50061B47F /* Unit5UITests */,
				8ED9E41328F365A00061B47F /* Products */,
				2744092F17C26E09C3378059 /* Pods */,
				1A599A8A3A32ACC67842A8F0 /* Frameworks */,
			);
			sourceTree = "<group>";
		};
		8ED9E41328F365A00061B47F /* Products */ = {
			isa = PBXGroup;
			children = (
				8ED9E41228F365A00061B47F /* Unit5.app */,
				8ED9E42828F365A50061B47F /* Unit5Tests.xctest */,
				8ED9E43228F365A50061B47F /* Unit5UITests.xctest */,
			);
			name = Products;
			sourceTree = "<group>";
		};
		8ED9E41428F365A00061B47F /* Unit5 */ = {
			isa = PBXGroup;
			children = (
				8ED9E41528F365A00061B47F /* AppDelegate.swift */,
				8ED9E41728F365A00061B47F /* SceneDelegate.swift */,
				8ED9E41B28F365A00061B47F /* Main.storyboard */,
				8ED9E41E28F365A40061B47F /* Assets.xcassets */,
				8ED9E42028F365A40061B47F /* LaunchScreen.storyboard */,
				8ED9E42328F365A40061B47F /* Info.plist */,
				8EC25BA428F36BA1007A4E10 /* LoginViewController.swift */,
				8EC25BA628F36BB6007A4E10 /* FeedViewController.swift */,
			);
			path = Unit5;
			sourceTree = "<group>";
		};
		8ED9E42B28F365A50061B47F /* Unit5Tests */ = {
			isa = PBXGroup;
			children = (
				8ED9E42C28F365A50061B47F /* Unit5Tests.swift */,
			);
			path = Unit5Tests;
			sourceTree = "<group>";
		};
		8ED9E43528F365A50061B47F /* Unit5UITests */ = {
			isa = PBXGroup;
			children = (
				8ED9E43628F365A50061B47F /* Unit5UITests.swift */,
				8ED9E43828F365A50061B47F /* Unit5UITestsLaunchTests.swift */,
			);
			path = Unit5UITests;
			sourceTree = "<group>";
		};
/* End PBXGroup section */

/* Begin PBXNativeTarget section */
		8ED9E41128F365A00061B47F /* Unit5 */ = {
			isa = PBXNativeTarget;
			buildConfigurationList = 8ED9E43C28F365A50061B47F /* Build configuration list for PBXNativeTarget "Unit5" */;
			buildPhases = (
				C86D8906694601BDC8E96E44 /* [CP] Check Pods Manifest.lock */,
				8ED9E40E28F365A00061B47F /* Sources */,
				8ED9E40F28F365A00061B47F /* Frameworks */,
				8ED9E41028F365A00061B47F /* Resources */,
				C371D9C7F99D36F80BDFCB20 /* [CP] Embed Pods Frameworks */,
			);
			buildRules = (
			);
			dependencies = (
			);
			name = Unit5;
			productName = Unit5;
			productReference = 8ED9E41228F365A00061B47F /* Unit5.app */;
			productType = "com.apple.product-type.application";
		};
		8ED9E42728F365A50061B47F /* Unit5Tests */ = {
			isa = PBXNativeTarget;
			buildConfigurationList = 8ED9E43F28F365A50061B47F /* Build configuration list for PBXNativeTarget "Unit5Tests" */;
			buildPhases = (
				7906DA9510744BE786A1AD5F /* [CP] Check Pods Manifest.lock */,
				8ED9E42428F365A50061B47F /* Sources */,
				8ED9E42528F365A50061B47F /* Frameworks */,
				8ED9E42628F365A50061B47F /* Resources */,
			);
			buildRules = (
			);
			dependencies = (
				8ED9E42A28F365A50061B47F /* PBXTargetDependency */,
			);
			name = Unit5Tests;
			productName = Unit5Tests;
			productReference = 8ED9E42828F365A50061B47F /* Unit5Tests.xctest */;
			productType = "com.apple.product-type.bundle.unit-test";
		};
		8ED9E43128F365A50061B47F /* Unit5UITests */ = {
			isa = PBXNativeTarget;
			buildConfigurationList = 8ED9E44228F365A50061B47F /* Build configuration list for PBXNativeTarget "Unit5UITests" */;
			buildPhases = (
				7F92AD7D68D04E5413E4484A /* [CP] Check Pods Manifest.lock */,
				8ED9E42E28F365A50061B47F /* Sources */,
				8ED9E42F28F365A50061B47F /* Frameworks */,
				8ED9E43028F365A50061B47F /* Resources */,
				044E7030EAC7F848E4218FCD /* [CP] Embed Pods Frameworks */,
			);
			buildRules = (
			);
			dependencies = (
				8ED9E43428F365A50061B47F /* PBXTargetDependency */,
			);
			name = Unit5UITests;
			productName = Unit5UITests;
			productReference = 8ED9E43228F365A50061B47F /* Unit5UITests.xctest */;
			productType = "com.apple.product-type.bundle.ui-testing";
		};
/* End PBXNativeTarget section */

/* Begin PBXProject section */
		8ED9E40A28F365A00061B47F /* Project object */ = {
			isa = PBXProject;
			attributes = {
				BuildIndependentTargetsInParallel = 1;
				LastSwiftUpdateCheck = 1400;
				LastUpgradeCheck = 1400;
				TargetAttributes = {
					8ED9E41128F365A00061B47F = {
						CreatedOnToolsVersion = 14.0;
					};
					8ED9E42728F365A50061B47F = {
						CreatedOnToolsVersion = 14.0;
						TestTargetID = 8ED9E41128F365A00061B47F;
					};
					8ED9E43128F365A50061B47F = {
						CreatedOnToolsVersion = 14.0;
						TestTargetID = 8ED9E41128F365A00061B47F;
					};
				};
			};
			buildConfigurationList = 8ED9E40D28F365A00061B47F /* Build configuration list for PBXProject "Unit5" */;
			compatibilityVersion = "Xcode 14.0";
			developmentRegion = en;
			hasScannedForEncodings = 0;
			knownRegions = (
				en,
				Base,
			);
			mainGroup = 8ED9E40928F365A00061B47F;
			productRefGroup = 8ED9E41328F365A00061B47F /* Products */;
			projectDirPath = "";
			projectRoot = "";
			targets = (
				8ED9E41128F365A00061B47F /* Unit5 */,
				8ED9E42728F365A50061B47F /* Unit5Tests */,
				8ED9E43128F365A50061B47F /* Unit5UITests */,
			);
		};
/* End PBXProject section */

/* Begin PBXResourcesBuildPhase section */
		8ED9E41028F365A00061B47F /* Resources */ = {
			isa = PBXResourcesBuildPhase;
			buildActionMask = 2147483647;
			files = (
				8ED9E42228F365A40061B47F /* LaunchScreen.storyboard in Resources */,
				8ED9E41F28F365A40061B47F /* Assets.xcassets in Resources */,
				8ED9E41D28F365A00061B47F /* Main.storyboard in Resources */,
			);
			runOnlyForDeploymentPostprocessing = 0;
		};
		8ED9E42628F365A50061B47F /* Resources */ = {
			isa = PBXResourcesBuildPhase;
			buildActionMask = 2147483647;
			files = (
			);
			runOnlyForDeploymentPostprocessing = 0;
		};
		8ED9E43028F365A50061B47F /* Resources */ = {
			isa = PBXResourcesBuildPhase;
			buildActionMask = 2147483647;
			files = (
			);
			runOnlyForDeploymentPostprocessing = 0;
		};
/* End PBXResourcesBuildPhase section */

/* Begin PBXShellScriptBuildPhase section */
		044E7030EAC7F848E4218FCD /* [CP] Embed Pods Frameworks */ = {
			isa = PBXShellScriptBuildPhase;
			buildActionMask = 2147483647;
			files = (
			);
			inputFileListPaths = (
				"${PODS_ROOT}/Target Support Files/Pods-Unit5-Unit5UITests/Pods-Unit5-Unit5UITests-frameworks-${CONFIGURATION}-input-files.xcfilelist",
			);
			name = "[CP] Embed Pods Frameworks";
			outputFileListPaths = (
				"${PODS_ROOT}/Target Support Files/Pods-Unit5-Unit5UITests/Pods-Unit5-Unit5UITests-frameworks-${CONFIGURATION}-output-files.xcfilelist",
			);
			runOnlyForDeploymentPostprocessing = 0;
			shellPath = /bin/sh;
			shellScript = "\"${PODS_ROOT}/Target Support Files/Pods-Unit5-Unit5UITests/Pods-Unit5-Unit5UITests-frameworks.sh\"\n";
			showEnvVarsInLog = 0;
		};
		7906DA9510744BE786A1AD5F /* [CP] Check Pods Manifest.lock */ = {
			isa = PBXShellScriptBuildPhase;
			buildActionMask = 2147483647;
			files = (
			);
			inputFileListPaths = (
			);
			inputPaths = (
				"${PODS_PODFILE_DIR_PATH}/Podfile.lock",
				"${PODS_ROOT}/Manifest.lock",
			);
			name = "[CP] Check Pods Manifest.lock";
			outputFileListPaths = (
			);
			outputPaths = (
				"$(DERIVED_FILE_DIR)/Pods-Unit5Tests-checkManifestLockResult.txt",
			);
			runOnlyForDeploymentPostprocessing = 0;
			shellPath = /bin/sh;
			shellScript = "diff \"${PODS_PODFILE_DIR_PATH}/Podfile.lock\" \"${PODS_ROOT}/Manifest.lock\" > /dev/null\nif [ $? != 0 ] ; then\n    # print error to STDERR\n    echo \"error: The sandbox is not in sync with the Podfile.lock. Run 'pod install' or update your CocoaPods installation.\" >&2\n    exit 1\nfi\n# This output is used by Xcode 'outputs' to avoid re-running this script phase.\necho \"SUCCESS\" > \"${SCRIPT_OUTPUT_FILE_0}\"\n";
			showEnvVarsInLog = 0;
		};
		7F92AD7D68D04E5413E4484A /* [CP] Check Pods Manifest.lock */ = {
			isa = PBXShellScriptBuildPhase;
			buildActionMask = 2147483647;
			files = (
			);
			inputFileListPaths = (
			);
			inputPaths = (
				"${PODS_PODFILE_DIR_PATH}/Podfile.lock",
				"${PODS_ROOT}/Manifest.lock",
			);
			name = "[CP] Check Pods Manifest.lock";
			outputFileListPaths = (
			);
			outputPaths = (
				"$(DERIVED_FILE_DIR)/Pods-Unit5-Unit5UITests-checkManifestLockResult.txt",
			);
			runOnlyForDeploymentPostprocessing = 0;
			shellPath = /bin/sh;
			shellScript = "diff \"${PODS_PODFILE_DIR_PATH}/Podfile.lock\" \"${PODS_ROOT}/Manifest.lock\" > /dev/null\nif [ $? != 0 ] ; then\n    # print error to STDERR\n    echo \"error: The sandbox is not in sync with the Podfile.lock. Run 'pod install' or update your CocoaPods installation.\" >&2\n    exit 1\nfi\n# This output is used by Xcode 'outputs' to avoid re-running this script phase.\necho \"SUCCESS\" > \"${SCRIPT_OUTPUT_FILE_0}\"\n";
			showEnvVarsInLog = 0;
		};
		C371D9C7F99D36F80BDFCB20 /* [CP] Embed Pods Frameworks */ = {
			isa = PBXShellScriptBuildPhase;
			buildActionMask = 2147483647;
			files = (
			);
			inputFileListPaths = (
				"${PODS_ROOT}/Target Support Files/Pods-Unit5/Pods-Unit5-frameworks-${CONFIGURATION}-input-files.xcfilelist",
			);
			name = "[CP] Embed Pods Frameworks";
			outputFileListPaths = (
				"${PODS_ROOT}/Target Support Files/Pods-Unit5/Pods-Unit5-frameworks-${CONFIGURATION}-output-files.xcfilelist",
			);
			runOnlyForDeploymentPostprocessing = 0;
			shellPath = /bin/sh;
			shellScript = "\"${PODS_ROOT}/Target Support Files/Pods-Unit5/Pods-Unit5-frameworks.sh\"\n";
			showEnvVarsInLog = 0;
		};
		C86D8906694601BDC8E96E44 /* [CP] Check Pods Manifest.lock */ = {
			isa = PBXShellScriptBuildPhase;
			buildActionMask = 2147483647;
			files = (
			);
			inputFileListPaths = (
			);
			inputPaths = (
				"${PODS_PODFILE_DIR_PATH}/Podfile.lock",
				"${PODS_ROOT}/Manifest.lock",
			);
			name = "[CP] Check Pods Manifest.lock";
			outputFileListPaths = (
			);
			outputPaths = (
				"$(DERIVED_FILE_DIR)/Pods-Unit5-checkManifestLockResult.txt",
			);
			runOnlyForDeploymentPostprocessing = 0;
			shellPath = /bin/sh;
			shellScript = "diff \"${PODS_PODFILE_DIR_PATH}/Podfile.lock\" \"${PODS_ROOT}/Manifest.lock\" > /dev/null\nif [ $? != 0 ] ; then\n    # print error to STDERR\n    echo \"error: The sandbox is not in sync with the Podfile.lock. Run 'pod install' or update your CocoaPods installation.\" >&2\n    exit 1\nfi\n# This output is used by Xcode 'outputs' to avoid re-running this script phase.\necho \"SUCCESS\" > \"${SCRIPT_OUTPUT_FILE_0}\"\n";
			showEnvVarsInLog = 0;
		};
/* End PBXShellScriptBuildPhase section */

/* Begin PBXSourcesBuildPhase section */
		8ED9E40E28F365A00061B47F /* Sources */ = {
			isa = PBXSourcesBuildPhase;
			buildActionMask = 2147483647;
			files = (
				8EC25BA528F36BA1007A4E10 /* LoginViewController.swift in Sources */,
				8ED9E41628F365A00061B47F /* AppDelegate.swift in Sources */,
				8EC25BA728F36BB6007A4E10 /* FeedViewController.swift in Sources */,
				8ED9E41828F365A00061B47F /* SceneDelegate.swift in Sources */,
			);
			runOnlyForDeploymentPostprocessing = 0;
		};
		8ED9E42428F365A50061B47F /* Sources */ = {
			isa = PBXSourcesBuildPhase;
			buildActionMask = 2147483647;
			files = (
				8ED9E42D28F365A50061B47F /* Unit5Tests.swift in Sources */,
			);
			runOnlyForDeploymentPostprocessing = 0;
		};
		8ED9E42E28F365A50061B47F /* Sources */ = {
			isa = PBXSourcesBuildPhase;
			buildActionMask = 2147483647;
			files = (
				8ED9E43928F365A50061B47F /* Unit5UITestsLaunchTests.swift in Sources */,
				8ED9E43728F365A50061B47F /* Unit5UITests.swift in Sources */,
			);
			runOnlyForDeploymentPostprocessing = 0;
		};
/* End PBXSourcesBuildPhase section */

/* Begin PBXTargetDependency section */
		8ED9E42A28F365A50061B47F /* PBXTargetDependency */ = {
			isa = PBXTargetDependency;
			target = 8ED9E41128F365A00061B47F /* Unit5 */;
			targetProxy = 8ED9E42928F365A50061B47F /* PBXContainerItemProxy */;
		};
		8ED9E43428F365A50061B47F /* PBXTargetDependency */ = {
			isa = PBXTargetDependency;
			target = 8ED9E41128F365A00061B47F /* Unit5 */;
			targetProxy = 8ED9E43328F365A50061B47F /* PBXContainerItemProxy */;
		};
/* End PBXTargetDependency section */

/* Begin PBXVariantGroup section */
		8ED9E41B28F365A00061B47F /* Main.storyboard */ = {
			isa = PBXVariantGroup;
			children = (
				8ED9E41C28F365A00061B47F /* Base */,
			);
			name = Main.storyboard;
			sourceTree = "<group>";
		};
		8ED9E42028F365A40061B47F /* LaunchScreen.storyboard */ = {
			isa = PBXVariantGroup;
			children = (
				8ED9E42128F365A40061B47F /* Base */,
			);
			name = LaunchScreen.storyboard;
			sourceTree = "<group>";
		};
/* End PBXVariantGroup section */

/* Begin XCBuildConfiguration section */
		8ED9E43A28F365A50061B47F /* Debug */ = {
			isa = XCBuildConfiguration;
			buildSettings = {
				ALWAYS_SEARCH_USER_PATHS = NO;
				CLANG_ANALYZER_NONNULL = YES;
				CLANG_ANALYZER_NUMBER_OBJECT_CONVERSION = YES_AGGRESSIVE;
				CLANG_CXX_LANGUAGE_STANDARD = "gnu++20";
				CLANG_ENABLE_MODULES = YES;
				CLANG_ENABLE_OBJC_ARC = YES;
				CLANG_ENABLE_OBJC_WEAK = YES;
				CLANG_WARN_BLOCK_CAPTURE_AUTORELEASING = YES;
				CLANG_WARN_BOOL_CONVERSION = YES;
				CLANG_WARN_COMMA = YES;
				CLANG_WARN_CONSTANT_CONVERSION = YES;
				CLANG_WARN_DEPRECATED_OBJC_IMPLEMENTATIONS = YES;
				CLANG_WARN_DIRECT_OBJC_ISA_USAGE = YES_ERROR;
				CLANG_WARN_DOCUMENTATION_COMMENTS = YES;
				CLANG_WARN_EMPTY_BODY = YES;
				CLANG_WARN_ENUM_CONVERSION = YES;
				CLANG_WARN_INFINITE_RECURSION = YES;
				CLANG_WARN_INT_CONVERSION = YES;
				CLANG_WARN_NON_LITERAL_NULL_CONVERSION = YES;
				CLANG_WARN_OBJC_IMPLICIT_RETAIN_SELF = YES;
				CLANG_WARN_OBJC_LITERAL_CONVERSION = YES;
				CLANG_WARN_OBJC_ROOT_CLASS = YES_ERROR;
				CLANG_WARN_QUOTED_INCLUDE_IN_FRAMEWORK_HEADER = YES;
				CLANG_WARN_RANGE_LOOP_ANALYSIS = YES;
				CLANG_WARN_STRICT_PROTOTYPES = YES;
				CLANG_WARN_SUSPICIOUS_MOVE = YES;
				CLANG_WARN_UNGUARDED_AVAILABILITY = YES_AGGRESSIVE;
				CLANG_WARN_UNREACHABLE_CODE = YES;
				CLANG_WARN__DUPLICATE_METHOD_MATCH = YES;
				COPY_PHASE_STRIP = NO;
				DEBUG_INFORMATION_FORMAT = dwarf;
				ENABLE_STRICT_OBJC_MSGSEND = YES;
				ENABLE_TESTABILITY = YES;
				GCC_C_LANGUAGE_STANDARD = gnu11;
				GCC_DYNAMIC_NO_PIC = NO;
				GCC_NO_COMMON_BLOCKS = YES;
				GCC_OPTIMIZATION_LEVEL = 0;
				GCC_PREPROCESSOR_DEFINITIONS = (
					"DEBUG=1",
					"$(inherited)",
				);
				GCC_WARN_64_TO_32_BIT_CONVERSION = YES;
				GCC_WARN_ABOUT_RETURN_TYPE = YES_ERROR;
				GCC_WARN_UNDECLARED_SELECTOR = YES;
				GCC_WARN_UNINITIALIZED_AUTOS = YES_AGGRESSIVE;
				GCC_WARN_UNUSED_FUNCTION = YES;
				GCC_WARN_UNUSED_VARIABLE = YES;
				IPHONEOS_DEPLOYMENT_TARGET = 16.0;
				MTL_ENABLE_DEBUG_INFO = INCLUDE_SOURCE;
				MTL_FAST_MATH = YES;
				ONLY_ACTIVE_ARCH = YES;
				SDKROOT = iphoneos;
				SWIFT_ACTIVE_COMPILATION_CONDITIONS = DEBUG;
				SWIFT_OPTIMIZATION_LEVEL = "-Onone";
			};
			name = Debug;
		};
		8ED9E43B28F365A50061B47F /* Release */ = {
			isa = XCBuildConfiguration;
			buildSettings = {
				ALWAYS_SEARCH_USER_PATHS = NO;
				CLANG_ANALYZER_NONNULL = YES;
				CLANG_ANALYZER_NUMBER_OBJECT_CONVERSION = YES_AGGRESSIVE;
				CLANG_CXX_LANGUAGE_STANDARD = "gnu++20";
				CLANG_ENABLE_MODULES = YES;
				CLANG_ENABLE_OBJC_ARC = YES;
				CLANG_ENABLE_OBJC_WEAK = YES;
				CLANG_WARN_BLOCK_CAPTURE_AUTORELEASING = YES;
				CLANG_WARN_BOOL_CONVERSION = YES;
				CLANG_WARN_COMMA = YES;
				CLANG_WARN_CONSTANT_CONVERSION = YES;
				CLANG_WARN_DEPRECATED_OBJC_IMPLEMENTATIONS = YES;
				CLANG_WARN_DIRECT_OBJC_ISA_USAGE = YES_ERROR;
				CLANG_WARN_DOCUMENTATION_COMMENTS = YES;
				CLANG_WARN_EMPTY_BODY = YES;
				CLANG_WARN_ENUM_CONVERSION = YES;
				CLANG_WARN_INFINITE_RECURSION = YES;
				CLANG_WARN_INT_CONVERSION = YES;
				CLANG_WARN_NON_LITERAL_NULL_CONVERSION = YES;
				CLANG_WARN_OBJC_IMPLICIT_RETAIN_SELF = YES;
				CLANG_WARN_OBJC_LITERAL_CONVERSION = YES;
				CLANG_WARN_OBJC_ROOT_CLASS = YES_ERROR;
				CLANG_WARN_QUOTED_INCLUDE_IN_FRAMEWORK_HEADER = YES;
				CLANG_WARN_RANGE_LOOP_ANALYSIS = YES;
				CLANG_WARN_STRICT_PROTOTYPES = YES;
				CLANG_WARN_SUSPICIOUS_MOVE = YES;
				CLANG_WARN_UNGUARDED_AVAILABILITY = YES_AGGRESSIVE;
				CLANG_WARN_UNREACHABLE_CODE = YES;
				CLANG_WARN__DUPLICATE_METHOD_MATCH = YES;
				COPY_PHASE_STRIP = NO;
				DEBUG_INFORMATION_FORMAT = "dwarf-with-dsym";
				ENABLE_NS_ASSERTIONS = NO;
				ENABLE_STRICT_OBJC_MSGSEND = YES;
				GCC_C_LANGUAGE_STANDARD = gnu11;
				GCC_NO_COMMON_BLOCKS = YES;
				GCC_WARN_64_TO_32_BIT_CONVERSION = YES;
				GCC_WARN_ABOUT_RETURN_TYPE = YES_ERROR;
				GCC_WARN_UNDECLARED_SELECTOR = YES;
				GCC_WARN_UNINITIALIZED_AUTOS = YES_AGGRESSIVE;
				GCC_WARN_UNUSED_FUNCTION = YES;
				GCC_WARN_UNUSED_VARIABLE = YES;
				IPHONEOS_DEPLOYMENT_TARGET = 16.0;
				MTL_ENABLE_DEBUG_INFO = NO;
				MTL_FAST_MATH = YES;
				SDKROOT = iphoneos;
				SWIFT_COMPILATION_MODE = wholemodule;
				SWIFT_OPTIMIZATION_LEVEL = "-O";
				VALIDATE_PRODUCT = YES;
			};
			name = Release;
		};
		8ED9E43D28F365A50061B47F /* Debug */ = {
			isa = XCBuildConfiguration;
			baseConfigurationReference = B8B8287EC44DAE8FCA770527 /* Pods-Unit5.debug.xcconfig */;
			buildSettings = {
				ASSETCATALOG_COMPILER_APPICON_NAME = AppIcon;
				ASSETCATALOG_COMPILER_GLOBAL_ACCENT_COLOR_NAME = AccentColor;
				CODE_SIGN_STYLE = Automatic;
				CURRENT_PROJECT_VERSION = 1;
				GENERATE_INFOPLIST_FILE = YES;
				INFOPLIST_FILE = Unit5/Info.plist;
				INFOPLIST_KEY_UIApplicationSupportsIndirectInputEvents = YES;
				INFOPLIST_KEY_UILaunchStoryboardName = LaunchScreen;
				INFOPLIST_KEY_UIMainStoryboardFile = Main;
				INFOPLIST_KEY_UISupportedInterfaceOrientations_iPad = "UIInterfaceOrientationPortrait UIInterfaceOrientationPortraitUpsideDown UIInterfaceOrientationLandscapeLeft UIInterfaceOrientationLandscapeRight";
				INFOPLIST_KEY_UISupportedInterfaceOrientations_iPhone = "UIInterfaceOrientationPortrait UIInterfaceOrientationLandscapeLeft UIInterfaceOrientationLandscapeRight";
				LD_RUNPATH_SEARCH_PATHS = (
					"$(inherited)",
					"@executable_path/Frameworks",
				);
				MARKETING_VERSION = 1.0;
				PRODUCT_BUNDLE_IDENTIFIER = Steven.Unit5;
				PRODUCT_NAME = "$(TARGET_NAME)";
				SWIFT_EMIT_LOC_STRINGS = YES;
				SWIFT_VERSION = 5.0;
				TARGETED_DEVICE_FAMILY = "1,2";
			};
			name = Debug;
		};
		8ED9E43E28F365A50061B47F /* Release */ = {
			isa = XCBuildConfiguration;
			baseConfigurationReference = 9CF26404A82E2553D2D91172 /* Pods-Unit5.release.xcconfig */;
			buildSettings = {
				ASSETCATALOG_COMPILER_APPICON_NAME = AppIcon;
				ASSETCATALOG_COMPILER_GLOBAL_ACCENT_COLOR_NAME = AccentColor;
				CODE_SIGN_STYLE = Automatic;
				CURRENT_PROJECT_VERSION = 1;
				GENERATE_INFOPLIST_FILE = YES;
				INFOPLIST_FILE = Unit5/Info.plist;
				INFOPLIST_KEY_UIApplicationSupportsIndirectInputEvents = YES;
				INFOPLIST_KEY_UILaunchStoryboardName = LaunchScreen;
				INFOPLIST_KEY_UIMainStoryboardFile = Main;
				INFOPLIST_KEY_UISupportedInterfaceOrientations_iPad = "UIInterfaceOrientationPortrait UIInterfaceOrientationPortraitUpsideDown UIInterfaceOrientationLandscapeLeft UIInterfaceOrientationLandscapeRight";
				INFOPLIST_KEY_UISupportedInterfaceOrientations_iPhone = "UIInterfaceOrientationPortrait UIInterfaceOrientationLandscapeLeft UIInterfaceOrientationLandscapeRight";
				LD_RUNPATH_SEARCH_PATHS = (
					"$(inherited)",
					"@executable_path/Frameworks",
				);
				MARKETING_VERSION = 1.0;
				PRODUCT_BUNDLE_IDENTIFIER = Steven.Unit5;
				PRODUCT_NAME = "$(TARGET_NAME)";
				SWIFT_EMIT_LOC_STRINGS = YES;
				SWIFT_VERSION = 5.0;
				TARGETED_DEVICE_FAMILY = "1,2";
			};
			name = Release;
		};
		8ED9E44028F365A50061B47F /* Debug */ = {
			isa = XCBuildConfiguration;
			baseConfigurationReference = 6ECD769DF56B0C40049CFAF2 /* Pods-Unit5Tests.debug.xcconfig */;
			buildSettings = {
				ALWAYS_EMBED_SWIFT_STANDARD_LIBRARIES = YES;
				BUNDLE_LOADER = "$(TEST_HOST)";
				CODE_SIGN_STYLE = Automatic;
				CURRENT_PROJECT_VERSION = 1;
				GENERATE_INFOPLIST_FILE = YES;
				IPHONEOS_DEPLOYMENT_TARGET = 16.0;
				MARKETING_VERSION = 1.0;
				PRODUCT_BUNDLE_IDENTIFIER = Steven.Unit5Tests;
				PRODUCT_NAME = "$(TARGET_NAME)";
				SWIFT_EMIT_LOC_STRINGS = NO;
				SWIFT_VERSION = 5.0;
				TARGETED_DEVICE_FAMILY = "1,2";
				TEST_HOST = "$(BUILT_PRODUCTS_DIR)/Unit5.app/$(BUNDLE_EXECUTABLE_FOLDER_PATH)/Unit5";
			};
			name = Debug;
		};
		8ED9E44128F365A50061B47F /* Release */ = {
			isa = XCBuildConfiguration;
			baseConfigurationReference = 2ADD20BE07B1333DE360BC1D /* Pods-Unit5Tests.release.xcconfig */;
			buildSettings = {
				ALWAYS_EMBED_SWIFT_STANDARD_LIBRARIES = YES;
				BUNDLE_LOADER = "$(TEST_HOST)";
				CODE_SIGN_STYLE = Automatic;
				CURRENT_PROJECT_VERSION = 1;
				GENERATE_INFOPLIST_FILE = YES;
				IPHONEOS_DEPLOYMENT_TARGET = 16.0;
				MARKETING_VERSION = 1.0;
				PRODUCT_BUNDLE_IDENTIFIER = Steven.Unit5Tests;
				PRODUCT_NAME = "$(TARGET_NAME)";
				SWIFT_EMIT_LOC_STRINGS = NO;
				SWIFT_VERSION = 5.0;
				TARGETED_DEVICE_FAMILY = "1,2";
				TEST_HOST = "$(BUILT_PRODUCTS_DIR)/Unit5.app/$(BUNDLE_EXECUTABLE_FOLDER_PATH)/Unit5";
			};
			name = Release;
		};
		8ED9E44328F365A50061B47F /* Debug */ = {
			isa = XCBuildConfiguration;
			baseConfigurationReference = FFADA3B1AA3DEE2FC6708A16 /* Pods-Unit5-Unit5UITests.debug.xcconfig */;
			buildSettings = {
				ALWAYS_EMBED_SWIFT_STANDARD_LIBRARIES = YES;
				CODE_SIGN_STYLE = Automatic;
				CURRENT_PROJECT_VERSION = 1;
				GENERATE_INFOPLIST_FILE = YES;
				MARKETING_VERSION = 1.0;
				PRODUCT_BUNDLE_IDENTIFIER = Steven.Unit5UITests;
				PRODUCT_NAME = "$(TARGET_NAME)";
				SWIFT_EMIT_LOC_STRINGS = NO;
				SWIFT_VERSION = 5.0;
				TARGETED_DEVICE_FAMILY = "1,2";
				TEST_TARGET_NAME = Unit5;
			};
			name = Debug;
		};
		8ED9E44428F365A50061B47F /* Release */ = {
			isa = XCBuildConfiguration;
			baseConfigurationReference = 11B39C90408DCA29C0222169 /* Pods-Unit5-Unit5UITests.release.xcconfig */;
			buildSettings = {
				ALWAYS_EMBED_SWIFT_STANDARD_LIBRARIES = YES;
				CODE_SIGN_STYLE = Automatic;
				CURRENT_PROJECT_VERSION = 1;
				GENERATE_INFOPLIST_FILE = YES;
				MARKETING_VERSION = 1.0;
				PRODUCT_BUNDLE_IDENTIFIER = Steven.Unit5UITests;
				PRODUCT_NAME = "$(TARGET_NAME)";
				SWIFT_EMIT_LOC_STRINGS = NO;
				SWIFT_VERSION = 5.0;
				TARGETED_DEVICE_FAMILY = "1,2";
				TEST_TARGET_NAME = Unit5;
			};
			name = Release;
		};
/* End XCBuildConfiguration section */

/* Begin XCConfigurationList section */
		8ED9E40D28F365A00061B47F /* Build configuration list for PBXProject "Unit5" */ = {
			isa = XCConfigurationList;
			buildConfigurations = (
				8ED9E43A28F365A50061B47F /* Debug */,
				8ED9E43B28F365A50061B47F /* Release */,
			);
			defaultConfigurationIsVisible = 0;
			defaultConfigurationName = Release;
		};
		8ED9E43C28F365A50061B47F /* Build configuration list for PBXNativeTarget "Unit5" */ = {
			isa = XCConfigurationList;
			buildConfigurations = (
				8ED9E43D28F365A50061B47F /* Debug */,
				8ED9E43E28F365A50061B47F /* Release */,
			);
			defaultConfigurationIsVisible = 0;
			defaultConfigurationName = Release;
		};
		8ED9E43F28F365A50061B47F /* Build configuration list for PBXNativeTarget "Unit5Tests" */ = {
			isa = XCConfigurationList;
			buildConfigurations = (
				8ED9E44028F365A50061B47F /* Debug */,
				8ED9E44128F365A50061B47F /* Release */,
			);
			defaultConfigurationIsVisible = 0;
			defaultConfigurationName = Release;
		};
		8ED9E44228F365A50061B47F /* Build configuration list for PBXNativeTarget "Unit5UITests" */ = {
			isa = XCConfigurationList;
			buildConfigurations = (
				8ED9E44328F365A50061B47F /* Debug */,
				8ED9E44428F365A50061B47F /* Release */,
			);
			defaultConfigurationIsVisible = 0;
			defaultConfigurationName = Release;
		};
/* End XCConfigurationList section */
	};
	rootObject = 8ED9E40A28F365A00061B47F /* Project object */;
}
